
Microsoft Visual Studio Solution File, Format Version 12.00
# Visual Studio Version 16
VisualStudioVersion = 16.0.29911.84
MinimumVisualStudioVersion = 10.0.40219.1
Project("{9A19103F-16F7-4668-BE54-9A1E7A4F7556}") = "Circustrein console", "Circustrein console.csproj", "{1431754A-0746-460F-92D2-D16035859FBB}"
EndProject
Project("{FAE04EC0-301F-11D3-BF4B-00C04F79EFBC}") = "UnitTest", "..\UnitTest\UnitTest.csproj", "{0D1EF10A-4C83-4260-960C-894E23F4E775}"
EndProject
Global
	GlobalSection(SolutionConfigurationPlatforms) = preSolution
		Debug|Any CPU = Debug|Any CPU
		Release|Any CPU = Release|Any CPU
	EndGlobalSection
	GlobalSection(ProjectConfigurationPlatforms) = postSolution
		{1431754A-0746-460F-92D2-D16035859FBB}.Debug|Any CPU.ActiveCfg = Debug|Any CPU
		{1431754A-0746-460F-92D2-D16035859FBB}.Debug|Any CPU.Build.0 = Debug|Any CPU
		{1431754A-0746-460F-92D2-D16035859FBB}.Release|Any CPU.ActiveCfg = Release|Any CPU
		{1431754A-0746-460F-92D2-D16035859FBB}.Release|Any CPU.Build.0 = Release|Any CPU
		{0D1EF10A-4C83-4260-960C-894E23F4E775}.Debug|Any CPU.ActiveCfg = Debug|Any CPU
		{0D1EF10A-4C83-4260-960C-894E23F4E775}.Debug|Any CPU.Build.0 = Debug|Any CPU
		{0D1EF10A-4C83-4260-960C-894E23F4E775}.Release|Any CPU.ActiveCfg = Release|Any CPU
		{0D1EF10A-4C83-4260-960C-894E23F4E775}.Release|Any CPU.Build.0 = Release|Any CPU
	EndGlobalSection
	GlobalSection(SolutionProperties) = preSolution
		HideSolutionNode = FALSE
	EndGlobalSection
	GlobalSection(ExtensibilityGlobals) = postSolution
		SolutionGuid = {2071DD56-B91E-4EC4-931A-99080F8F3E80}
	EndGlobalSection
EndGlobal
